<?xml version="1.0" encoding="utf-8"?>
<Project ToolsVersion="4.0" xmlns="http://schemas.microsoft.com/developer/msbuild/2003">
  <ItemGroup>
    <Filter Include="Source Files">
      <UniqueIdentifier>{4FC737F1-C7A5-4376-A066-2A32D752A2FF}</UniqueIdentifier>
      <Extensions>cpp;c;cc;cxx;def;odl;idl;hpj;bat;asm;asmx</Extensions>
    </Filter>
    <Filter Include="Header Files">
      <UniqueIdentifier>{93995380-89BD-4b04-88EB-625FBE52EBFB}</UniqueIdentifier>
      <Extensions>h;hpp;hxx;hm;inl;inc;xsd</Extensions>
    </Filter>
    <Filter Include="Resource Files">
      <UniqueIdentifier>{67DA6AB6-F800-4c08-8B7A-83BB121AAD01}</UniqueIdentifier>
      <Extensions>rc;ico;cur;bmp;dlg;rc2;rct;bin;rgs;gif;jpg;jpeg;jpe;resx;tiff;tif;png;wav;mfcribbon-ms</Extensions>
    </Filter>
    <Filter Include="foundation">
      <UniqueIdentifier>{3ee90526-1c5e-4c9a-8c01-37387ed2adb4}</UniqueIdentifier>
    </Filter>
    <Filter Include="Header Files\data">
      <UniqueIdentifier>{7e9b2bf9-1082-4e25-bda5-4f06c7793b48}</UniqueIdentifier>
    </Filter>
    <Filter Include="Source Files\data">
      <UniqueIdentifier>{ebdb5c6e-d616-49f7-9519-9b4e4cd87c69}</UniqueIdentifier>
    </Filter>
    <Filter Include="Header Files\component">
      <UniqueIdentifier>{fe95e76e-7bd4-41e0-828a-72dbbf9b5d5c}</UniqueIdentifier>
    </Filter>
    <Filter Include="Source Files\component">
      <UniqueIdentifier>{758268da-162f-45d3-96cc-30f915403577}</UniqueIdentifier>
    </Filter>
    <Filter Include="Header Files\behaviour">
      <UniqueIdentifier>{ba284c9d-034e-4819-8da8-6cf1f2398349}</UniqueIdentifier>
    </Filter>
    <Filter Include="Source Files\behaviour">
      <UniqueIdentifier>{42836445-ae11-46b8-ac31-79a687197546}</UniqueIdentifier>
    </Filter>
    <Filter Include="data">
      <UniqueIdentifier>{d0523c94-0126-4fe2-aa2e-7cfcd0a55dc4}</UniqueIdentifier>
    </Filter>
  </ItemGroup>
  <ItemGroup>
    <ClCompile Include="src\main.cpp">
      <Filter>Source Files</Filter>
    </ClCompile>
    <ClCompile Include="src\esUtil.cpp">
      <Filter>Source Files</Filter>
    </ClCompile>
    <ClCompile Include="ext\foundation\memory.cpp">
      <Filter>foundation</Filter>
    </ClCompile>
    <ClCompile Include="ext\foundation\murmur_hash.cpp">
      <Filter>foundation</Filter>
    </ClCompile>
    <ClCompile Include="ext\foundation\string_stream.cpp">
      <Filter>foundation</Filter>
    </ClCompile>
    <ClCompile Include="src\entity.cpp">
      <Filter>Source Files</Filter>
    </ClCompile>
    <ClCompile Include="src\shader.cpp">
      <Filter>Source Files\data</Filter>
    </ClCompile>
    <ClCompile Include="src\mesh.cpp">
      <Filter>Source Files\data</Filter>
    </ClCompile>
    <ClCompile Include="src\renderer.cpp">
      <Filter>Source Files</Filter>
    </ClCompile>
    <ClCompile Include="src\camera.cpp">
      <Filter>Source Files\component</Filter>
    </ClCompile>
    <ClCompile Include="src\transform.cpp">
      <Filter>Source Files\component</Filter>
    </ClCompile>
    <ClCompile Include="src\material.cpp">
      <Filter>Source Files\data</Filter>
    </ClCompile>
    <ClCompile Include="src\meshrenderer.cpp">
      <Filter>Source Files\component</Filter>
    </ClCompile>
    <ClCompile Include="src\behaviour.cpp">
      <Filter>Source Files\component</Filter>
    </ClCompile>
    <ClCompile Include="src\camerabehaviour.cpp">
      <Filter>Source Files\behaviour</Filter>
    </ClCompile>
    <ClCompile Include="src\terrainbehaviour.cpp">
      <Filter>Source Files\behaviour</Filter>
    </ClCompile>
    <ClCompile Include="src\input.cpp">
      <Filter>Source Files</Filter>
    </ClCompile>
    <ClCompile Include="src\texture.cpp">
      <Filter>Source Files\data</Filter>
    </ClCompile>
  </ItemGroup>
  <ItemGroup>
    <ClInclude Include="include\esUtil.h">
      <Filter>Header Files</Filter>
    </ClInclude>
    <ClInclude Include="include\entity.h">
      <Filter>Header Files</Filter>
    </ClInclude>
    <ClInclude Include="ext\foundation\memory.h">
      <Filter>foundation</Filter>
    </ClInclude>
    <ClInclude Include="ext\foundation\memory_types.h">
      <Filter>foundation</Filter>
    </ClInclude>
    <ClInclude Include="ext\foundation\murmur_hash.h">
      <Filter>foundation</Filter>
    </ClInclude>
    <ClInclude Include="ext\foundation\queue.h">
      <Filter>foundation</Filter>
    </ClInclude>
    <ClInclude Include="ext\foundation\snprintf_msvc.h">
      <Filter>foundation</Filter>
    </ClInclude>
    <ClInclude Include="ext\foundation\string_stream.h">
      <Filter>foundation</Filter>
    </ClInclude>
    <ClInclude Include="ext\foundation\temp_allocator.h">
      <Filter>foundation</Filter>
    </ClInclude>
    <ClInclude Include="ext\foundation\types.h">
      <Filter>foundation</Filter>
    </ClInclude>
    <ClInclude Include="ext\foundation\array.h">
      <Filter>foundation</Filter>
    </ClInclude>
    <ClInclude Include="ext\foundation\collection_types.h">
      <Filter>foundation</Filter>
    </ClInclude>
    <ClInclude Include="ext\foundation\hash.h">
      <Filter>foundation</Filter>
    </ClInclude>
    <ClInclude Include="include\objectmanager.h">
      <Filter>Header Files</Filter>
    </ClInclude>
    <ClInclude Include="include\enums.h">
      <Filter>Header Files</Filter>
    </ClInclude>
    <ClInclude Include="include\shader.h">
      <Filter>Header Files\data</Filter>
    </ClInclude>
    <ClInclude Include="include\mesh.h">
      <Filter>Header Files\data</Filter>
    </ClInclude>
    <ClInclude Include="include\renderer.h">
      <Filter>Header Files</Filter>
    </ClInclude>
    <ClInclude Include="include\camera.h">
      <Filter>Header Files\component</Filter>
    </ClInclude>
    <ClInclude Include="include\transform.h">
      <Filter>Header Files\component</Filter>
    </ClInclude>
    <ClInclude Include="include\material.h">
      <Filter>Header Files\data</Filter>
    </ClInclude>
    <ClInclude Include="include\meshrenderer.h">
      <Filter>Header Files\component</Filter>
    </ClInclude>
    <ClInclude Include="include\behaviour.h">
      <Filter>Header Files\component</Filter>
    </ClInclude>
    <ClInclude Include="include\CameraBehaviour.h">
      <Filter>Header Files\behaviour</Filter>
    </ClInclude>
    <ClInclude Include="include\terrainbehaviour.h">
      <Filter>Header Files\behaviour</Filter>
    </ClInclude>
    <ClInclude Include="include\std_perlin.h">
      <Filter>Header Files</Filter>
    </ClInclude>
    <ClInclude Include="include\input.h">
      <Filter>Header Files</Filter>
    </ClInclude>
    <ClInclude Include="include\texture.h">
      <Filter>Header Files\data</Filter>
    </ClInclude>
  </ItemGroup>
  <ItemGroup>
    <None Include="data\basepasspixel.ps">
      <Filter>data</Filter>
    </None>
    <None Include="data\basepassvertex.vs">
      <Filter>data</Filter>
    </None>
    <None Include="data\terrainpass.ps">
      <Filter>data</Filter>
    </None>
    <None Include="data\water.ps">
      <Filter>data</Filter>
    </None>
    <None Include="data\skybox.ps">
      <Filter>data</Filter>
    </None>
    <None Include="data\skybox.vs">
      <Filter>data</Filter>
    </None>
  </ItemGroup>
</Project>